// !$*UTF8*$!
{
	archiveVersion = 1;
	classes = {
	};
	objectVersion = 46;
	objects = {

/* Begin PBXBuildFile section */
		554E23261E799A0D00040B8C /* AppDelegate.swift in Sources */ = {isa = PBXBuildFile; fileRef = 554E23251E799A0D00040B8C /* AppDelegate.swift */; };
		554E23281E799A0D00040B8C /* ViewController.swift in Sources */ = {isa = PBXBuildFile; fileRef = 554E23271E799A0D00040B8C /* ViewController.swift */; };
		554E232B1E799A0D00040B8C /* Main.storyboard in Resources */ = {isa = PBXBuildFile; fileRef = 554E23291E799A0D00040B8C /* Main.storyboard */; };
		554E232D1E799A0D00040B8C /* Assets.xcassets in Resources */ = {isa = PBXBuildFile; fileRef = 554E232C1E799A0D00040B8C /* Assets.xcassets */; };
		554E23301E799A0E00040B8C /* LaunchScreen.storyboard in Resources */ = {isa = PBXBuildFile; fileRef = 554E232E1E799A0E00040B8C /* LaunchScreen.storyboard */; };
/* End PBXBuildFile section */

/* Begin PBXFileReference section */
		554E23221E799A0D00040B8C /* progress.app */ = {isa = PBXFileReference; explicitFileType = wrapper.application; includeInIndex = 0; path = progress.app; sourceTree = BUILT_PRODUCTS_DIR; };
		554E23251E799A0D00040B8C /* AppDelegate.swift */ = {isa = PBXFileReference; lastKnownFileType = sourcecode.swift; path = AppDelegate.swift; sourceTree = "<group>"; };
		554E23271E799A0D00040B8C /* ViewController.swift */ = {isa = PBXFileReference; lastKnownFileType = sourcecode.swift; path = ViewController.swift; sourceTree = "<group>"; };
		554E232A1E799A0D00040B8C /* Base */ = {isa = PBXFileReference; lastKnownFileType = file.storyboard; name = Base; path = Base.lproj/Main.storyboard; sourceTree = "<group>"; };
		554E232C1E799A0D00040B8C /* Assets.xcassets */ = {isa = PBXFileReference; lastKnownFileType = folder.assetcatalog; path = Assets.xcassets; sourceTree = "<group>"; };
		554E232F1E799A0E00040B8C /* Base */ = {isa = PBXFileReference; lastKnownFileType = file.storyboard; name = Base; path = Base.lproj/LaunchScreen.storyboard; sourceTree = "<group>"; };
		554E23311E799A0E00040B8C /* Info.plist */ = {isa = PBXFileReference; lastKnownFileType = text.plist.xml; path = Info.plist; sourceTree = "<group>"; };
/* End PBXFileReference section */

/* Begin PBXFrameworksBuildPhase section */
		554E231F1E799A0D00040B8C /* Frameworks */ = {
			isa = PBXFrameworksBuildPhase;
			buildActionMask = 2147483647;
			files = (
			);
			runOnlyForDeploymentPostprocessing = 0;
		};
/* End PBXFrameworksBuildPhase section */

/* Begin PBXGroup section */
		554E23191E799A0C00040B8C = {
			isa = PBXGroup;
			children = (
				554E23241E799A0D00040B8C /* progress */,
				554E23231E799A0D00040B8C /* Products */,
			);
			sourceTree = "<group>";
		};
		554E23231E799A0D00040B8C /* Products */ = {
			isa = PBXGroup;
			children = (
				554E23221E799A0D00040B8C /* progress.app */,
			);
			name = Products;
			sourceTree = "<group>";
		};
		554E23241E799A0D00040B8C /* progress */ = {
			isa = PBXGroup;
			children = (
				554E23251E799A0D00040B8C /* AppDelegate.swift */,
				554E23271E799A0D00040B8C /* ViewController.swift */,
				554E23291E799A0D00040B8C /* Main.storyboard */,
				554E232C1E799A0D00040B8C /* Assets.xcassets */,
				554E232E1E799A0E00040B8C /* LaunchScreen.storyboard */,
				554E23311E799A0E00040B8C /* Info.plist */,
			);
			path = progress;
			sourceTree = "<group>";
		};
/* End PBXGroup section */

/* Begin PBXNativeTarget section */
		554E23211E799A0D00040B8C /* progress */ = {
			isa = PBXNativeTarget;
			buildConfigurationList = 554E23341E799A0E00040B8C /* Build configuration list for PBXNativeTarget "progress" */;
			buildPhases = (
				554E231E1E799A0D00040B8C /* Sources */,
				554E231F1E799A0D00040B8C /* Frameworks */,
				554E23201E799A0D00040B8C /* Resources */,
			);
			buildRules = (
			);
			dependencies = (
			);
			name = progress;
			productName = progress;
			productReference = 554E23221E799A0D00040B8C /* progress.app */;
			productType = "com.apple.product-type.application";
		};
/* End PBXNativeTarget section */

/* Begin PBXProject section */
		554E231A1E799A0D00040B8C /* Project object */ = {
			isa = PBXProject;
			attributes = {
				LastSwiftUpdateCheck = 0820;
				LastUpgradeCheck = 0820;
				ORGANIZATIONNAME = Sawkan;
				TargetAttributes = {
					554E23211E799A0D00040B8C = {
						CreatedOnToolsVersion = 8.2.1;
						ProvisioningStyle = Automatic;
					};
				};
			};
			buildConfigurationList = 554E231D1E799A0D00040B8C /* Build configuration list for PBXProject "progress" */;
			compatibilityVersion = "Xcode 3.2";
			developmentRegion = English;
			hasScannedForEncodings = 0;
			knownRegions = (
				en,
				Base,
			);
			mainGroup = 554E23191E799A0C00040B8C;
			productRefGroup = 554E23231E799A0D00040B8C /* Products */;
			projectDirPath = "";
			projectRoot = "";
			targets = (
				554E23211E799A0D00040B8C /* progress */,
			);
		};
/* End PBXProject section */

/* Begin PBXResourcesBuildPhase section */
		554E23201E799A0D00040B8C /* Resources */ = {
			isa = PBXResourcesBuildPhase;
			buildActionMask = 2147483647;
			files = (
				554E23301E799A0E00040B8C /* LaunchScreen.storyboard in Resources */,
				554E232D1E799A0D00040B8C /* Assets.xcassets in Resources */,
				554E232B1E799A0D00040B8C /* Main.storyboard in Resources */,
			);
			runOnlyForDeploymentPostprocessing = 0;
		};
/* End PBXResourcesBuildPhase section */

/* Begin PBXSourcesBuildPhase section */
		554E231E1E799A0D00040B8C /* Sources */ = {
			isa = PBXSourcesBuildPhase;
			buildActionMask = 2147483647;
			files = (
				554E23281E799A0D00040B8C /* ViewController.swift in Sources */,
				554E23261E799A0D00040B8C /* AppDelegate.swift in Sources */,
			);
			runOnlyForDeploymentPostprocessing = 0;
		};
/* End PBXSourcesBuildPhase section */

/* Begin PBXVariantGroup section */
		554E23291E799A0D00040B8C /* Main.storyboard */ = {
			isa = PBXVariantGroup;
			children = (
				554E232A1E799A0D00040B8C /* Base */,
			);
			name = Main.storyboard;
			sourceTree = "<group>";
		};
		554E232E1E799A0E00040B8C /* LaunchScreen.storyboard */ = {
			isa = PBXVariantGroup;
			children = (
				554E232F1E799A0E00040B8C /* Base */,
			);
			name = LaunchScreen.storyboard;
			sourceTree = "<group>";
		};
/* End PBXVariantGroup section */

/* Begin XCBuildConfiguration section */
		554E23321E799A0E00040B8C /* Debug */ = {
			isa = XCBuildConfiguration;
			buildSettings = {
				ALWAYS_SEARCH_USER_PATHS = NO;
				CLANG_ANALYZER_NONNULL = YES;
				CLANG_CXX_LANGUAGE_STANDARD = "gnu++0x";
				CLANG_CXX_LIBRARY = "libc++";
				CLANG_ENABLE_MODULES = YES;
				CLANG_ENABLE_OBJC_ARC = YES;
				CLANG_WARN_BOOL_CONVERSION = YES;
				CLANG_WARN_CONSTANT_CONVERSION = YES;
				CLANG_WARN_DIRECT_OBJC_ISA_USAGE = YES_ERROR;
				CLANG_WARN_DOCUMENTATION_COMMENTS = YES;
				CLANG_WARN_EMPTY_BODY = YES;
				CLANG_WARN_ENUM_CONVERSION = YES;
				CLANG_WARN_INFINITE_RECURSION = YES;
				CLANG_WARN_INT_CONVERSION = YES;
				CLANG_WARN_OBJC_ROOT_CLASS = YES_ERROR;
				CLANG_WARN_SUSPICIOUS_MOVE = YES;
				CLANG_WARN_UNREACHABLE_CODE = YES;
				CLANG_WARN__DUPLICATE_METHOD_MATCH = YES;
				"CODE_SIGN_IDENTITY[sdk=iphoneos*]" = "iPhone Developer";
				COPY_PHASE_STRIP = NO;
				DEBUG_INFORMATION_FORMAT = dwarf;
				ENABLE_STRICT_OBJC_MSGSEND = YES;
				ENABLE_TESTABILITY = YES;
				GCC_C_LANGUAGE_STANDARD = gnu99;
				GCC_DYNAMIC_NO_PIC = NO;
				GCC_NO_COMMON_BLOCKS = YES;
				GCC_OPTIMIZATION_LEVEL = 0;
				GCC_PREPROCESSOR_DEFINITIONS = (
					"DEBUG=1",
					"$(inherited)",
				);
				GCC_WARN_64_TO_32_BIT_CONVERSION = YES;
				GCC_WARN_ABOUT_RETURN_TYPE = YES_ERROR;
				GCC_WARN_UNDECLARED_SELECTOR = YES;
				GCC_WARN_UNINITIALIZED_AUTOS = YES_AGGRESSIVE;
				GCC_WARN_UNUSED_FUNCTION = YES;
				GCC_WARN_UNUSED_VARIABLE = YES;
				IPHONEOS_DEPLOYMENT_TARGET = 10.2;
				MTL_ENABLE_DEBUG_INFO = YES;
				ONLY_ACTIVE_ARCH = YES;
				SDKROOT = iphoneos;
				SWIFT_ACTIVE_COMPILATION_CONDITIONS = DEBUG;
				SWIFT_OPTIMIZATION_LEVEL = "-Onone";
			};
			name = Debug;
		};
		554E23331E799A0E00040B8C /* Release */ = {
			isa = XCBuildConfiguration;
			buildSettings = {
				ALWAYS_SEARCH_USER_PATHS = NO;
				CLANG_ANALYZER_NONNULL = YES;
				CLANG_CXX_LANGUAGE_STANDARD = "gnu++0x";
				CLANG_CXX_LIBRARY = "libc++";
				CLANG_ENABLE_MODULES = YES;
				CLANG_ENABLE_OBJC_ARC = YES;
				CLANG_WARN_BOOL_CONVERSION = YES;
				CLANG_WARN_CONSTANT_CONVERSION = YES;
				CLANG_WARN_DIRECT_OBJC_ISA_USAGE = YES_ERROR;
				CLANG_WARN_DOCUMENTATION_COMMENTS = YES;
				CLANG_WARN_EMPTY_BODY = YES;
				CLANG_WARN_ENUM_CONVERSION = YES;
				CLANG_WARN_INFINITE_RECURSION = YES;
				CLANG_WARN_INT_CONVERSION = YES;
				CLANG_WARN_OBJC_ROOT_CLASS = YES_ERROR;
				CLANG_WARN_SUSPICIOUS_MOVE = YES;
				CLANG_WARN_UNREACHABLE_CODE = YES;
				CLANG_WARN__DUPLICATE_METHOD_MATCH = YES;
				"CODE_SIGN_IDENTITY[sdk=iphoneos*]" = "iPhone Developer";
				COPY_PHASE_STRIP = NO;
				DEBUG_INFORMATION_FORMAT = "dwarf-with-dsym";
				ENABLE_NS_ASSERTIONS = NO;
				ENABLE_STRICT_OBJC_MSGSEND = YES;
				GCC_C_LANGUAGE_STANDARD = gnu99;
				GCC_NO_COMMON_BLOCKS = YES;
				GCC_WARN_64_TO_32_BIT_CONVERSION = YES;
				GCC_WARN_ABOUT_RETURN_TYPE = YES_ERROR;
				GCC_WARN_UNDECLARED_SELECTOR = YES;
				GCC_WARN_UNINITIALIZED_AUTOS = YES_AGGRESSIVE;
				GCC_WARN_UNUSED_FUNCTION = YES;
				GCC_WARN_UNUSED_VARIABLE = YES;
				IPHONEOS_DEPLOYMENT_TARGET = 10.2;
				MTL_ENABLE_DEBUG_INFO = NO;
				SDKROOT = iphoneos;
				SWIFT_OPTIMIZATION_LEVEL = "-Owholemodule";
				VALIDATE_PRODUCT = YES;
			};
			name = Release;
		};
		554E23351E799A0E00040B8C /* Debug */ = {
			isa = XCBuildConfiguration;
			buildSettings = {
				ASSETCATALOG_COMPILER_APPICON_NAME = AppIcon;
				INFOPLIST_FILE = progress/Info.plist;
				LD_RUNPATH_SEARCH_PATHS = "$(inherited) @executable_path/Frameworks";
				PRODUCT_BUNDLE_IDENTIFIER = com.progress;
				PRODUCT_NAME = "$(TARGET_NAME)";
				SWIFT_VERSION = 3.0;
			};
			name = Debug;
		};
		554E23361E799A0E00040B8C /* Release */ = {
			isa = XCBuildConfiguration;
			buildSettings = {
				ASSETCATALOG_COMPILER_APPICON_NAME = AppIcon;
				INFOPLIST_FILE = progress/Info.plist;
				LD_RUNPATH_SEARCH_PATHS = "$(inherited) @executable_path/Frameworks";
				PRODUCT_BUNDLE_IDENTIFIER = com.progress;
				PRODUCT_NAME = "$(TARGET_NAME)";
				SWIFT_VERSION = 3.0;
			};
			name = Release;
		};
/* End XCBuildConfiguration section */

/* Begin XCConfigurationList section */
		554E231D1E799A0D00040B8C /* Build configuration list for PBXProject "progress" */ = {
			isa = XCConfigurationList;
			buildConfigurations = (
				554E23321E799A0E00040B8C /* Debug */,
				554E23331E799A0E00040B8C /* Release */,
			);
			defaultConfigurationIsVisible = 0;
			defaultConfigurationName = Release;
		};
		554E23341E799A0E00040B8C /* Build configuration list for PBXNativeTarget "progress" */ = {
			isa = XCConfigurationList;
			buildConfigurations = (
				554E23351E799A0E00040B8C /* Debug */,
				554E23361E799A0E00040B8C /* Release */,
			);
			defaultConfigurationIsVisible = 0;
		};
/* End XCConfigurationList section */
	};
	rootObject = 554E231A1E799A0D00040B8C /* Project object */;
}
